{
  "nodes": {
    "flake-parts": {
      "inputs": {
        "nixpkgs-lib": "nixpkgs-lib"
      },
      "locked": {
        "lastModified": 1765835352,
        "narHash": "sha256-XswHlK/Qtjasvhd1nOa1e8MgZ8GS//jBoTqWtrS1Giw=",
        "owner": "hercules-ci",
        "repo": "flake-parts",
        "rev": "a34fae9c08a15ad73f295041fec82323541400a9",
        "type": "github"
      },
      "original": {
        "owner": "hercules-ci",
        "repo": "flake-parts",
        "type": "github"
      }
    },
    "home-manager": {
      "inputs": {
        "nixpkgs": [
          "nixpkgs"
        ]
      },
      "locked": {
        "lastModified": 1765980955,
        "narHash": "sha256-rB45jv4uwC90vM9UZ70plfvY/2Kdygs+zlQ07dGQFk4=",
        "owner": "nix-community",
        "repo": "home-manager",
        "rev": "89c9508bbe9b40d36b3dc206c2483ef176f15173",
        "type": "github"
      },
      "original": {
        "owner": "nix-community",
        "repo": "home-manager",
        "type": "github"
      }
    },
    "linux-rocksmith": {
      "flake": false,
      "locked": {
        "lastModified": 1766501068,
        "narHash": "sha256-B3Iq+fYI2VYB82PfEOKIcBnEfGmQ832CQm200qP/LAQ=",
        "owner": "theNizo",
        "repo": "linux_rocksmith",
        "rev": "551a120c3075eb33e9791f0a0172a781ae355c31",
        "type": "github"
      },
      "original": {
        "owner": "theNizo",
        "repo": "linux_rocksmith",
        "type": "github"
      }
    },
    "nix-gaming": {
      "inputs": {
        "flake-parts": [
          "nixos-rocksmith",
          "flake-parts"
        ],
        "nixpkgs": [
          "nixos-rocksmith",
          "nixpkgs"
        ]
      },
      "locked": {
        "lastModified": 1766023166,
        "narHash": "sha256-6p0ez0d4qkqLDKLHliS2kz9CQaftsZT3P48J0aV3zRw=",
        "owner": "fufexan",
        "repo": "nix-gaming",
        "rev": "f67539f079071f57cf3e2f3e3ca00595d62990f3",
        "type": "github"
      },
      "original": {
        "owner": "fufexan",
        "repo": "nix-gaming",
        "type": "github"
      }
    },
    "nixos-hardware": {
      "locked": {
        "lastModified": 1766568855,
        "narHash": "sha256-UXVtN77D7pzKmzOotFTStgZBqpOcf8cO95FcupWp4Zo=",
        "owner": "NixOS",
        "repo": "nixos-hardware",
        "rev": "c5db9569ac9cc70929c268ac461f4003e3e5ca80",
        "type": "github"
      },
      "original": {
        "owner": "NixOS",
        "repo": "nixos-hardware",
        "type": "github"
      }
    },
    "nixos-rocksmith": {
      "inputs": {
        "flake-parts": "flake-parts",
        "linux-rocksmith": "linux-rocksmith",
        "nix-gaming": "nix-gaming",
        "nixpkgs": [
          "nixpkgs"
        ],
        "rs-linux-autoconnect": "rs-linux-autoconnect"
      },
      "locked": {
        "lastModified": 1766094266,
        "narHash": "sha256-FhCDl3hEETLEOqc/GUz1adLM7aseAfByMA0mhIHY+SI=",
        "owner": "re1n0",
        "repo": "nixos-rocksmith",
        "rev": "0e7bcac55fe263507280d03fb2924629241af034",
        "type": "github"
      },
      "original": {
        "owner": "re1n0",
        "repo": "nixos-rocksmith",
        "type": "github"
      }
    },
    "nixpkgs": {
      "locked": {
        "lastModified": 1766309749,
        "narHash": "sha256-3xY8CZ4rSnQ0NqGhMKAy5vgC+2IVK0NoVEzDoOh4DA4=",
        "owner": "NixOS",
        "repo": "nixpkgs",
        "rev": "a6531044f6d0bef691ea18d4d4ce44d0daa6e816",
        "type": "github"
      },
      "original": {
        "owner": "NixOS",
        "ref": "nixos-unstable",
        "repo": "nixpkgs",
        "type": "github"
      }
    },
    "nixpkgs-lib": {
      "locked": {
        "lastModified": 1765674936,
        "narHash": "sha256-k00uTP4JNfmejrCLJOwdObYC9jHRrr/5M/a/8L2EIdo=",
        "owner": "nix-community",
        "repo": "nixpkgs.lib",
        "rev": "2075416fcb47225d9b68ac469a5c4801a9c4dd85",
        "type": "github"
      },
      "original": {
        "owner": "nix-community",
        "repo": "nixpkgs.lib",
        "type": "github"
      }
    },
    "plasma-manager": {
      "inputs": {
        "home-manager": [
          "home-manager"
        ],
        "nixpkgs": [
          "nixpkgs"
        ]
      },
      "locked": {
        "lastModified": 1763909441,
        "narHash": "sha256-56LwV51TX/FhgX+5LCG6akQ5KrOWuKgcJa+eUsRMxsc=",
        "owner": "nix-community",
        "repo": "plasma-manager",
        "rev": "b24ed4b272256dfc1cc2291f89a9821d5f9e14b4",
        "type": "github"
      },
      "original": {
        "owner": "nix-community",
        "repo": "plasma-manager",
        "type": "github"
      }
    },
    "root": {
      "inputs": {
        "home-manager": "home-manager",
        "nixos-hardware": "nixos-hardware",
        "nixos-rocksmith": "nixos-rocksmith",
        "nixpkgs": "nixpkgs",
        "plasma-manager": "plasma-manager"
      }
    },
    "rs-linux-autoconnect": {
      "flake": false,
      "locked": {
        "lastModified": 1753454170,
        "narHash": "sha256-Uk4J2ZGHZFI6RX7pmGbdgxUWWdOegsNtJLc/aeBnj54=",
        "owner": "KczBen",
        "repo": "rs-linux-autoconnect",
        "rev": "09a3f0fd0492573dd48468ab413626edd0cba757",
        "type": "github"
      },
      "original": {
        "owner": "KczBen",
        "repo": "rs-linux-autoconnect",
        "type": "github"
      }
    }
  },
  "root": "root",
  "version": 7
}
